
Microsoft Visual Studio Solution File, Format Version 12.00
# Visual Studio 2013
VisualStudioVersion = 12.0.30110.0
MinimumVisualStudioVersion = 10.0.40219.1
Project("{FAE04EC0-301F-11D3-BF4B-00C04F79EFBC}") = "ImagesUpload", "ImagesUpload\ImagesUpload.csproj", "{EB60AD07-F6F9-4DA9-8BC1-171098EA9CE2}"
EndProject
Project("{CC5FD16D-436D-48AD-A40C-5A424C6E3E79}") = "ImagesUpload.Azure", "ImagesUpload.Azure\ImagesUpload.Azure.ccproj", "{08D0D39A-710B-45B8-A418-3D4A12694E7F}"
EndProject
Global
	GlobalSection(SolutionConfigurationPlatforms) = preSolution
		Debug|Any CPU = Debug|Any CPU
		Release|Any CPU = Release|Any CPU
	EndGlobalSection
	GlobalSection(ProjectConfigurationPlatforms) = postSolution
		{EB60AD07-F6F9-4DA9-8BC1-171098EA9CE2}.Debug|Any CPU.ActiveCfg = Debug|Any CPU
		{EB60AD07-F6F9-4DA9-8BC1-171098EA9CE2}.Debug|Any CPU.Build.0 = Debug|Any CPU
		{EB60AD07-F6F9-4DA9-8BC1-171098EA9CE2}.Release|Any CPU.ActiveCfg = Release|Any CPU
		{EB60AD07-F6F9-4DA9-8BC1-171098EA9CE2}.Release|Any CPU.Build.0 = Release|Any CPU
		{08D0D39A-710B-45B8-A418-3D4A12694E7F}.Debug|Any CPU.ActiveCfg = Debug|Any CPU
		{08D0D39A-710B-45B8-A418-3D4A12694E7F}.Debug|Any CPU.Build.0 = Debug|Any CPU
		{08D0D39A-710B-45B8-A418-3D4A12694E7F}.Release|Any CPU.ActiveCfg = Release|Any CPU
		{08D0D39A-710B-45B8-A418-3D4A12694E7F}.Release|Any CPU.Build.0 = Release|Any CPU
	EndGlobalSection
	GlobalSection(SolutionProperties) = preSolution
		HideSolutionNode = FALSE
	EndGlobalSection
EndGlobal
